PODS:
  - QRCode (0.1.0):
    - QRCode/Create (= 0.1.0)
    - QRCode/Scan (= 0.1.0)
  - QRCode/Create (0.1.0)
  - QRCode/Scan (0.1.0)

DEPENDENCIES:
  - QRCode (from `../`)

EXTERNAL SOURCES:
  QRCode:
    :path: ../

SPEC CHECKSUMS:
  QRCode: 49ad2a73751c4850854c0ddd631f27403d589a6e

PODFILE CHECKSUM: cdd11a565d6c83dfe1a6a88cc9a6158da884f2c1

COCOAPODS: 1.4.0
